
Microsoft Visual Studio Solution File, Format Version 12.00
# Visual Studio Version 17
VisualStudioVersion = 17.9.34723.18
MinimumVisualStudioVersion = 10.0.40219.1
Project("{9A19103F-16F7-4668-BE54-9A1E7A4F7556}") = "Microservices.Orders", "src\Microservices.Orders\Microservices.Orders.csproj", "{CE42BCDC-B371-41F8-8176-02F9483C43E6}"
EndProject
Project("{9A19103F-16F7-4668-BE54-9A1E7A4F7556}") = "Microservices.Products", "src\Microservices.Products\Microservices.Products.csproj", "{07109DB8-EE89-43D1-AC27-BF4C61BC0DA2}"
EndProject
Project("{FAE04EC0-301F-11D3-BF4B-00C04F79EFBC}") = "Microservices.Shared", "src\Microservices.Shared\Microservices.Shared.csproj", "{EBE69D92-773F-472F-B647-846B259495B4}"
EndProject
Global
	GlobalSection(SolutionConfigurationPlatforms) = preSolution
		Debug|Any CPU = Debug|Any CPU
		Release|Any CPU = Release|Any CPU
	EndGlobalSection
	GlobalSection(ProjectConfigurationPlatforms) = postSolution
		{CE42BCDC-B371-41F8-8176-02F9483C43E6}.Debug|Any CPU.ActiveCfg = Debug|Any CPU
		{CE42BCDC-B371-41F8-8176-02F9483C43E6}.Debug|Any CPU.Build.0 = Debug|Any CPU
		{CE42BCDC-B371-41F8-8176-02F9483C43E6}.Release|Any CPU.ActiveCfg = Release|Any CPU
		{CE42BCDC-B371-41F8-8176-02F9483C43E6}.Release|Any CPU.Build.0 = Release|Any CPU
		{07109DB8-EE89-43D1-AC27-BF4C61BC0DA2}.Debug|Any CPU.ActiveCfg = Debug|Any CPU
		{07109DB8-EE89-43D1-AC27-BF4C61BC0DA2}.Debug|Any CPU.Build.0 = Debug|Any CPU
		{07109DB8-EE89-43D1-AC27-BF4C61BC0DA2}.Release|Any CPU.ActiveCfg = Release|Any CPU
		{07109DB8-EE89-43D1-AC27-BF4C61BC0DA2}.Release|Any CPU.Build.0 = Release|Any CPU
		{EBE69D92-773F-472F-B647-846B259495B4}.Debug|Any CPU.ActiveCfg = Debug|Any CPU
		{EBE69D92-773F-472F-B647-846B259495B4}.Debug|Any CPU.Build.0 = Debug|Any CPU
		{EBE69D92-773F-472F-B647-846B259495B4}.Release|Any CPU.ActiveCfg = Release|Any CPU
		{EBE69D92-773F-472F-B647-846B259495B4}.Release|Any CPU.Build.0 = Release|Any CPU
	EndGlobalSection
	GlobalSection(SolutionProperties) = preSolution
		HideSolutionNode = FALSE
	EndGlobalSection
	GlobalSection(ExtensibilityGlobals) = postSolution
		SolutionGuid = {CD0D5706-4FF3-476D-ADE1-F971B1ED1BE2}
	EndGlobalSection
EndGlobal
